// !$*UTF8*$!
{
	archiveVersion = 1;
	classes = {
	};
	objectVersion = 52;
	objects = {

/* Begin PBXBuildFile section */
		F31C08C225C2A8610036F57F /* AppDelegate.swift in Sources */ = {isa = PBXBuildFile; fileRef = F31C08C125C2A8610036F57F /* AppDelegate.swift */; };
		F31C08C425C2A8610036F57F /* SceneDelegate.swift in Sources */ = {isa = PBXBuildFile; fileRef = F31C08C325C2A8610036F57F /* SceneDelegate.swift */; };
		F31C08C625C2A8610036F57F /* HomeViewController.swift in Sources */ = {isa = PBXBuildFile; fileRef = F31C08C525C2A8610036F57F /* HomeViewController.swift */; };
		F31C08C925C2A8610036F57F /* Main.storyboard in Resources */ = {isa = PBXBuildFile; fileRef = F31C08C725C2A8610036F57F /* Main.storyboard */; };
		F31C08CB25C2A8630036F57F /* Assets.xcassets in Resources */ = {isa = PBXBuildFile; fileRef = F31C08CA25C2A8630036F57F /* Assets.xcassets */; };
		F31C08CE25C2A8630036F57F /* LaunchScreen.storyboard in Resources */ = {isa = PBXBuildFile; fileRef = F31C08CC25C2A8630036F57F /* LaunchScreen.storyboard */; };
		F31C08DE25C2A9390036F57F /* DataManager.swift in Sources */ = {isa = PBXBuildFile; fileRef = F31C08DD25C2A9390036F57F /* DataManager.swift */; };
		F31C08E125C2A94E0036F57F /* CoreDataManager.swift in Sources */ = {isa = PBXBuildFile; fileRef = F31C08E025C2A94E0036F57F /* CoreDataManager.swift */; };
		F31C08E425C2A95C0036F57F /* NetworkManager.swift in Sources */ = {isa = PBXBuildFile; fileRef = F31C08E325C2A95C0036F57F /* NetworkManager.swift */; };
		F31C08E825C2AA710036F57F /* Alamofire in Frameworks */ = {isa = PBXBuildFile; productRef = F31C08E725C2AA710036F57F /* Alamofire */; };
		F3AF86B125C2AC71004D2169 /* Post.swift in Sources */ = {isa = PBXBuildFile; fileRef = F3AF86B025C2AC71004D2169 /* Post.swift */; };
		F3AF86B525C2BD99004D2169 /* PostListViewModel.swift in Sources */ = {isa = PBXBuildFile; fileRef = F3AF86B425C2BD99004D2169 /* PostListViewModel.swift */; };
		F3AF86B925C2BDEA004D2169 /* Box.swift in Sources */ = {isa = PBXBuildFile; fileRef = F3AF86B825C2BDEA004D2169 /* Box.swift */; };
/* End PBXBuildFile section */

/* Begin PBXFileReference section */
		F31C08BE25C2A8610036F57F /* MVVM-Inception.app */ = {isa = PBXFileReference; explicitFileType = wrapper.application; includeInIndex = 0; path = "MVVM-Inception.app"; sourceTree = BUILT_PRODUCTS_DIR; };
		F31C08C125C2A8610036F57F /* AppDelegate.swift */ = {isa = PBXFileReference; lastKnownFileType = sourcecode.swift; path = AppDelegate.swift; sourceTree = "<group>"; };
		F31C08C325C2A8610036F57F /* SceneDelegate.swift */ = {isa = PBXFileReference; lastKnownFileType = sourcecode.swift; path = SceneDelegate.swift; sourceTree = "<group>"; };
		F31C08C525C2A8610036F57F /* HomeViewController.swift */ = {isa = PBXFileReference; lastKnownFileType = sourcecode.swift; path = HomeViewController.swift; sourceTree = "<group>"; };
		F31C08C825C2A8610036F57F /* Base */ = {isa = PBXFileReference; lastKnownFileType = file.storyboard; name = Base; path = Base.lproj/Main.storyboard; sourceTree = "<group>"; };
		F31C08CA25C2A8630036F57F /* Assets.xcassets */ = {isa = PBXFileReference; lastKnownFileType = folder.assetcatalog; path = Assets.xcassets; sourceTree = "<group>"; };
		F31C08CD25C2A8630036F57F /* Base */ = {isa = PBXFileReference; lastKnownFileType = file.storyboard; name = Base; path = Base.lproj/LaunchScreen.storyboard; sourceTree = "<group>"; };
		F31C08CF25C2A8630036F57F /* Info.plist */ = {isa = PBXFileReference; lastKnownFileType = text.plist.xml; path = Info.plist; sourceTree = "<group>"; };
		F31C08DD25C2A9390036F57F /* DataManager.swift */ = {isa = PBXFileReference; lastKnownFileType = sourcecode.swift; path = DataManager.swift; sourceTree = "<group>"; };
		F31C08E025C2A94E0036F57F /* CoreDataManager.swift */ = {isa = PBXFileReference; lastKnownFileType = sourcecode.swift; path = CoreDataManager.swift; sourceTree = "<group>"; };
		F31C08E325C2A95C0036F57F /* NetworkManager.swift */ = {isa = PBXFileReference; lastKnownFileType = sourcecode.swift; path = NetworkManager.swift; sourceTree = "<group>"; };
		F3AF86B025C2AC71004D2169 /* Post.swift */ = {isa = PBXFileReference; lastKnownFileType = sourcecode.swift; path = Post.swift; sourceTree = "<group>"; };
		F3AF86B425C2BD99004D2169 /* PostListViewModel.swift */ = {isa = PBXFileReference; lastKnownFileType = sourcecode.swift; path = PostListViewModel.swift; sourceTree = "<group>"; };
		F3AF86B825C2BDEA004D2169 /* Box.swift */ = {isa = PBXFileReference; lastKnownFileType = sourcecode.swift; path = Box.swift; sourceTree = "<group>"; };
/* End PBXFileReference section */

/* Begin PBXFrameworksBuildPhase section */
		F31C08BB25C2A8610036F57F /* Frameworks */ = {
			isa = PBXFrameworksBuildPhase;
			buildActionMask = 2147483647;
			files = (
				F31C08E825C2AA710036F57F /* Alamofire in Frameworks */,
			);
			runOnlyForDeploymentPostprocessing = 0;
		};
/* End PBXFrameworksBuildPhase section */

/* Begin PBXGroup section */
		F31C08B525C2A8610036F57F = {
			isa = PBXGroup;
			children = (
				F31C08C025C2A8610036F57F /* MVVM-Inception */,
				F31C08BF25C2A8610036F57F /* Products */,
			);
			sourceTree = "<group>";
		};
		F31C08BF25C2A8610036F57F /* Products */ = {
			isa = PBXGroup;
			children = (
				F31C08BE25C2A8610036F57F /* MVVM-Inception.app */,
			);
			name = Products;
			sourceTree = "<group>";
		};
		F31C08C025C2A8610036F57F /* MVVM-Inception */ = {
			isa = PBXGroup;
			children = (
				F31C08D625C2A86A0036F57F /* Code */,
				F31C08CA25C2A8630036F57F /* Assets.xcassets */,
				F31C08CC25C2A8630036F57F /* LaunchScreen.storyboard */,
				F31C08CF25C2A8630036F57F /* Info.plist */,
			);
			path = "MVVM-Inception";
			sourceTree = "<group>";
		};
		F31C08D625C2A86A0036F57F /* Code */ = {
			isa = PBXGroup;
			children = (
				F31C08D725C2A86F0036F57F /* Controllers */,
				F3AF86AE25C2AC38004D2169 /* Models */,
				F31C08D925C2A8CA0036F57F /* Modules */,
				F31C08DC25C2A90F0036F57F /* Services */,
			);
			path = Code;
			sourceTree = "<group>";
		};
		F31C08D725C2A86F0036F57F /* Controllers */ = {
			isa = PBXGroup;
			children = (
				F31C08C125C2A8610036F57F /* AppDelegate.swift */,
				F31C08C325C2A8610036F57F /* SceneDelegate.swift */,
				F3AF86B825C2BDEA004D2169 /* Box.swift */,
			);
			path = Controllers;
			sourceTree = "<group>";
		};
		F31C08D925C2A8CA0036F57F /* Modules */ = {
			isa = PBXGroup;
			children = (
				F31C08DA25C2A8D10036F57F /* Home */,
			);
			path = Modules;
			sourceTree = "<group>";
		};
		F31C08DA25C2A8D10036F57F /* Home */ = {
			isa = PBXGroup;
			children = (
				F3AF86B325C2BD88004D2169 /* ViewModels */,
				F31C08C525C2A8610036F57F /* HomeViewController.swift */,
				F31C08C725C2A8610036F57F /* Main.storyboard */,
			);
			path = Home;
			sourceTree = "<group>";
		};
		F31C08DC25C2A90F0036F57F /* Services */ = {
			isa = PBXGroup;
			children = (
				F31C08DD25C2A9390036F57F /* DataManager.swift */,
				F31C08E025C2A94E0036F57F /* CoreDataManager.swift */,
				F31C08E325C2A95C0036F57F /* NetworkManager.swift */,
			);
			path = Services;
			sourceTree = "<group>";
		};
		F3AF86AE25C2AC38004D2169 /* Models */ = {
			isa = PBXGroup;
			children = (
				F3AF86B025C2AC71004D2169 /* Post.swift */,
			);
			path = Models;
			sourceTree = "<group>";
		};
		F3AF86B325C2BD88004D2169 /* ViewModels */ = {
			isa = PBXGroup;
			children = (
				F3AF86B425C2BD99004D2169 /* PostListViewModel.swift */,
			);
			path = ViewModels;
			sourceTree = "<group>";
		};
/* End PBXGroup section */

/* Begin PBXNativeTarget section */
		F31C08BD25C2A8610036F57F /* MVVM-Inception */ = {
			isa = PBXNativeTarget;
			buildConfigurationList = F31C08D225C2A8630036F57F /* Build configuration list for PBXNativeTarget "MVVM-Inception" */;
			buildPhases = (
				F31C08BA25C2A8610036F57F /* Sources */,
				F31C08BB25C2A8610036F57F /* Frameworks */,
				F31C08BC25C2A8610036F57F /* Resources */,
			);
			buildRules = (
			);
			dependencies = (
			);
			name = "MVVM-Inception";
			packageProductDependencies = (
				F31C08E725C2AA710036F57F /* Alamofire */,
			);
			productName = "MVVM-Inception";
			productReference = F31C08BE25C2A8610036F57F /* MVVM-Inception.app */;
			productType = "com.apple.product-type.application";
		};
/* End PBXNativeTarget section */

/* Begin PBXProject section */
		F31C08B625C2A8610036F57F /* Project object */ = {
			isa = PBXProject;
			attributes = {
				LastSwiftUpdateCheck = 1230;
				LastUpgradeCheck = 1230;
				TargetAttributes = {
					F31C08BD25C2A8610036F57F = {
						CreatedOnToolsVersion = 12.3;
					};
				};
			};
			buildConfigurationList = F31C08B925C2A8610036F57F /* Build configuration list for PBXProject "MVVM-Inception" */;
			compatibilityVersion = "Xcode 9.3";
			developmentRegion = en;
			hasScannedForEncodings = 0;
			knownRegions = (
				en,
				Base,
			);
			mainGroup = F31C08B525C2A8610036F57F;
			packageReferences = (
				F31C08E625C2AA710036F57F /* XCRemoteSwiftPackageReference "Alamofire" */,
			);
			productRefGroup = F31C08BF25C2A8610036F57F /* Products */;
			projectDirPath = "";
			projectRoot = "";
			targets = (
				F31C08BD25C2A8610036F57F /* MVVM-Inception */,
			);
		};
/* End PBXProject section */

/* Begin PBXResourcesBuildPhase section */
		F31C08BC25C2A8610036F57F /* Resources */ = {
			isa = PBXResourcesBuildPhase;
			buildActionMask = 2147483647;
			files = (
				F31C08CE25C2A8630036F57F /* LaunchScreen.storyboard in Resources */,
				F31C08CB25C2A8630036F57F /* Assets.xcassets in Resources */,
				F31C08C925C2A8610036F57F /* Main.storyboard in Resources */,
			);
			runOnlyForDeploymentPostprocessing = 0;
		};
/* End PBXResourcesBuildPhase section */

/* Begin PBXSourcesBuildPhase section */
		F31C08BA25C2A8610036F57F /* Sources */ = {
			isa = PBXSourcesBuildPhase;
			buildActionMask = 2147483647;
			files = (
				F3AF86B925C2BDEA004D2169 /* Box.swift in Sources */,
				F3AF86B525C2BD99004D2169 /* PostListViewModel.swift in Sources */,
				F31C08E425C2A95C0036F57F /* NetworkManager.swift in Sources */,
				F31C08C625C2A8610036F57F /* HomeViewController.swift in Sources */,
				F31C08DE25C2A9390036F57F /* DataManager.swift in Sources */,
				F31C08C225C2A8610036F57F /* AppDelegate.swift in Sources */,
				F31C08E125C2A94E0036F57F /* CoreDataManager.swift in Sources */,
				F3AF86B125C2AC71004D2169 /* Post.swift in Sources */,
				F31C08C425C2A8610036F57F /* SceneDelegate.swift in Sources */,
			);
			runOnlyForDeploymentPostprocessing = 0;
		};
/* End PBXSourcesBuildPhase section */

/* Begin PBXVariantGroup section */
		F31C08C725C2A8610036F57F /* Main.storyboard */ = {
			isa = PBXVariantGroup;
			children = (
				F31C08C825C2A8610036F57F /* Base */,
			);
			name = Main.storyboard;
			sourceTree = "<group>";
		};
		F31C08CC25C2A8630036F57F /* LaunchScreen.storyboard */ = {
			isa = PBXVariantGroup;
			children = (
				F31C08CD25C2A8630036F57F /* Base */,
			);
			name = LaunchScreen.storyboard;
			sourceTree = "<group>";
		};
/* End PBXVariantGroup section */

/* Begin XCBuildConfiguration section */
		F31C08D025C2A8630036F57F /* Debug */ = {
			isa = XCBuildConfiguration;
			buildSettings = {
				ALWAYS_SEARCH_USER_PATHS = NO;
				CLANG_ANALYZER_NONNULL = YES;
				CLANG_ANALYZER_NUMBER_OBJECT_CONVERSION = YES_AGGRESSIVE;
				CLANG_CXX_LANGUAGE_STANDARD = "gnu++14";
				CLANG_CXX_LIBRARY = "libc++";
				CLANG_ENABLE_MODULES = YES;
				CLANG_ENABLE_OBJC_ARC = YES;
				CLANG_ENABLE_OBJC_WEAK = YES;
				CLANG_WARN_BLOCK_CAPTURE_AUTORELEASING = YES;
				CLANG_WARN_BOOL_CONVERSION = YES;
				CLANG_WARN_COMMA = YES;
				CLANG_WARN_CONSTANT_CONVERSION = YES;
				CLANG_WARN_DEPRECATED_OBJC_IMPLEMENTATIONS = YES;
				CLANG_WARN_DIRECT_OBJC_ISA_USAGE = YES_ERROR;
				CLANG_WARN_DOCUMENTATION_COMMENTS = YES;
				CLANG_WARN_EMPTY_BODY = YES;
				CLANG_WARN_ENUM_CONVERSION = YES;
				CLANG_WARN_INFINITE_RECURSION = YES;
				CLANG_WARN_INT_CONVERSION = YES;
				CLANG_WARN_NON_LITERAL_NULL_CONVERSION = YES;
				CLANG_WARN_OBJC_IMPLICIT_RETAIN_SELF = YES;
				CLANG_WARN_OBJC_LITERAL_CONVERSION = YES;
				CLANG_WARN_OBJC_ROOT_CLASS = YES_ERROR;
				CLANG_WARN_QUOTED_INCLUDE_IN_FRAMEWORK_HEADER = YES;
				CLANG_WARN_RANGE_LOOP_ANALYSIS = YES;
				CLANG_WARN_STRICT_PROTOTYPES = YES;
				CLANG_WARN_SUSPICIOUS_MOVE = YES;
				CLANG_WARN_UNGUARDED_AVAILABILITY = YES_AGGRESSIVE;
				CLANG_WARN_UNREACHABLE_CODE = YES;
				CLANG_WARN__DUPLICATE_METHOD_MATCH = YES;
				COPY_PHASE_STRIP = NO;
				DEBUG_INFORMATION_FORMAT = dwarf;
				ENABLE_STRICT_OBJC_MSGSEND = YES;
				ENABLE_TESTABILITY = YES;
				GCC_C_LANGUAGE_STANDARD = gnu11;
				GCC_DYNAMIC_NO_PIC = NO;
				GCC_NO_COMMON_BLOCKS = YES;
				GCC_OPTIMIZATION_LEVEL = 0;
				GCC_PREPROCESSOR_DEFINITIONS = (
					"DEBUG=1",
					"$(inherited)",
				);
				GCC_WARN_64_TO_32_BIT_CONVERSION = YES;
				GCC_WARN_ABOUT_RETURN_TYPE = YES_ERROR;
				GCC_WARN_UNDECLARED_SELECTOR = YES;
				GCC_WARN_UNINITIALIZED_AUTOS = YES_AGGRESSIVE;
				GCC_WARN_UNUSED_FUNCTION = YES;
				GCC_WARN_UNUSED_VARIABLE = YES;
				IPHONEOS_DEPLOYMENT_TARGET = 14.3;
				MTL_ENABLE_DEBUG_INFO = INCLUDE_SOURCE;
				MTL_FAST_MATH = YES;
				ONLY_ACTIVE_ARCH = YES;
				SDKROOT = iphoneos;
				SWIFT_ACTIVE_COMPILATION_CONDITIONS = DEBUG;
				SWIFT_OPTIMIZATION_LEVEL = "-Onone";
			};
			name = Debug;
		};
		F31C08D125C2A8630036F57F /* Release */ = {
			isa = XCBuildConfiguration;
			buildSettings = {
				ALWAYS_SEARCH_USER_PATHS = NO;
				CLANG_ANALYZER_NONNULL = YES;
				CLANG_ANALYZER_NUMBER_OBJECT_CONVERSION = YES_AGGRESSIVE;
				CLANG_CXX_LANGUAGE_STANDARD = "gnu++14";
				CLANG_CXX_LIBRARY = "libc++";
				CLANG_ENABLE_MODULES = YES;
				CLANG_ENABLE_OBJC_ARC = YES;
				CLANG_ENABLE_OBJC_WEAK = YES;
				CLANG_WARN_BLOCK_CAPTURE_AUTORELEASING = YES;
				CLANG_WARN_BOOL_CONVERSION = YES;
				CLANG_WARN_COMMA = YES;
				CLANG_WARN_CONSTANT_CONVERSION = YES;
				CLANG_WARN_DEPRECATED_OBJC_IMPLEMENTATIONS = YES;
				CLANG_WARN_DIRECT_OBJC_ISA_USAGE = YES_ERROR;
				CLANG_WARN_DOCUMENTATION_COMMENTS = YES;
				CLANG_WARN_EMPTY_BODY = YES;
				CLANG_WARN_ENUM_CONVERSION = YES;
				CLANG_WARN_INFINITE_RECURSION = YES;
				CLANG_WARN_INT_CONVERSION = YES;
				CLANG_WARN_NON_LITERAL_NULL_CONVERSION = YES;
				CLANG_WARN_OBJC_IMPLICIT_RETAIN_SELF = YES;
				CLANG_WARN_OBJC_LITERAL_CONVERSION = YES;
				CLANG_WARN_OBJC_ROOT_CLASS = YES_ERROR;
				CLANG_WARN_QUOTED_INCLUDE_IN_FRAMEWORK_HEADER = YES;
				CLANG_WARN_RANGE_LOOP_ANALYSIS = YES;
				CLANG_WARN_STRICT_PROTOTYPES = YES;
				CLANG_WARN_SUSPICIOUS_MOVE = YES;
				CLANG_WARN_UNGUARDED_AVAILABILITY = YES_AGGRESSIVE;
				CLANG_WARN_UNREACHABLE_CODE = YES;
				CLANG_WARN__DUPLICATE_METHOD_MATCH = YES;
				COPY_PHASE_STRIP = NO;
				DEBUG_INFORMATION_FORMAT = "dwarf-with-dsym";
				ENABLE_NS_ASSERTIONS = NO;
				ENABLE_STRICT_OBJC_MSGSEND = YES;
				GCC_C_LANGUAGE_STANDARD = gnu11;
				GCC_NO_COMMON_BLOCKS = YES;
				GCC_WARN_64_TO_32_BIT_CONVERSION = YES;
				GCC_WARN_ABOUT_RETURN_TYPE = YES_ERROR;
				GCC_WARN_UNDECLARED_SELECTOR = YES;
				GCC_WARN_UNINITIALIZED_AUTOS = YES_AGGRESSIVE;
				GCC_WARN_UNUSED_FUNCTION = YES;
				GCC_WARN_UNUSED_VARIABLE = YES;
				IPHONEOS_DEPLOYMENT_TARGET = 14.3;
				MTL_ENABLE_DEBUG_INFO = NO;
				MTL_FAST_MATH = YES;
				SDKROOT = iphoneos;
				SWIFT_COMPILATION_MODE = wholemodule;
				SWIFT_OPTIMIZATION_LEVEL = "-O";
				VALIDATE_PRODUCT = YES;
			};
			name = Release;
		};
		F31C08D325C2A8630036F57F /* Debug */ = {
			isa = XCBuildConfiguration;
			buildSettings = {
				ASSETCATALOG_COMPILER_APPICON_NAME = AppIcon;
				ASSETCATALOG_COMPILER_GLOBAL_ACCENT_COLOR_NAME = AccentColor;
				CODE_SIGN_STYLE = Automatic;
				DEVELOPMENT_TEAM = VXZ7XFH447;
				INFOPLIST_FILE = "MVVM-Inception/Info.plist";
				LD_RUNPATH_SEARCH_PATHS = (
					"$(inherited)",
					"@executable_path/Frameworks",
				);
				PRODUCT_BUNDLE_IDENTIFIER = "com.shubham-iosdev.MVVM-Inception";
				PRODUCT_NAME = "$(TARGET_NAME)";
				SWIFT_VERSION = 5.0;
				TARGETED_DEVICE_FAMILY = "1,2";
			};
			name = Debug;
		};
		F31C08D425C2A8630036F57F /* Release */ = {
			isa = XCBuildConfiguration;
			buildSettings = {
				ASSETCATALOG_COMPILER_APPICON_NAME = AppIcon;
				ASSETCATALOG_COMPILER_GLOBAL_ACCENT_COLOR_NAME = AccentColor;
				CODE_SIGN_STYLE = Automatic;
				DEVELOPMENT_TEAM = VXZ7XFH447;
				INFOPLIST_FILE = "MVVM-Inception/Info.plist";
				LD_RUNPATH_SEARCH_PATHS = (
					"$(inherited)",
					"@executable_path/Frameworks",
				);
				PRODUCT_BUNDLE_IDENTIFIER = "com.shubham-iosdev.MVVM-Inception";
				PRODUCT_NAME = "$(TARGET_NAME)";
				SWIFT_VERSION = 5.0;
				TARGETED_DEVICE_FAMILY = "1,2";
			};
			name = Release;
		};
/* End XCBuildConfiguration section */

/* Begin XCConfigurationList section */
		F31C08B925C2A8610036F57F /* Build configuration list for PBXProject "MVVM-Inception" */ = {
			isa = XCConfigurationList;
			buildConfigurations = (
				F31C08D025C2A8630036F57F /* Debug */,
				F31C08D125C2A8630036F57F /* Release */,
			);
			defaultConfigurationIsVisible = 0;
			defaultConfigurationName = Release;
		};
		F31C08D225C2A8630036F57F /* Build configuration list for PBXNativeTarget "MVVM-Inception" */ = {
			isa = XCConfigurationList;
			buildConfigurations = (
				F31C08D325C2A8630036F57F /* Debug */,
				F31C08D425C2A8630036F57F /* Release */,
			);
			defaultConfigurationIsVisible = 0;
			defaultConfigurationName = Release;
		};
/* End XCConfigurationList section */

/* Begin XCRemoteSwiftPackageReference section */
		F31C08E625C2AA710036F57F /* XCRemoteSwiftPackageReference "Alamofire" */ = {
			isa = XCRemoteSwiftPackageReference;
			repositoryURL = "https://github.com/Alamofire/Alamofire";
			requirement = {
				kind = upToNextMajorVersion;
				minimumVersion = 4.4.1;
			};
		};
/* End XCRemoteSwiftPackageReference section */

/* Begin XCSwiftPackageProductDependency section */
		F31C08E725C2AA710036F57F /* Alamofire */ = {
			isa = XCSwiftPackageProductDependency;
			package = F31C08E625C2AA710036F57F /* XCRemoteSwiftPackageReference "Alamofire" */;
			productName = Alamofire;
		};
/* End XCSwiftPackageProductDependency section */
	};
	rootObject = F31C08B625C2A8610036F57F /* Project object */;
}
